
Microsoft Visual Studio Solution File, Format Version 12.00
# Visual Studio Version 17
VisualStudioVersion = 17.0.31903.59
MinimumVisualStudioVersion = 10.0.40219.1
Project("{FAE04EC0-301F-11D3-BF4B-00C04F79EFBC}") = "ATMApp.Domain", "ATMApp.Domain\ATMApp.Domain.csproj", "{DED209B9-F604-4431-AA50-663FABEC06ED}"
EndProject
Project("{FAE04EC0-301F-11D3-BF4B-00C04F79EFBC}") = "ATMApp.Application", "ATMApp.Application\ATMApp.Application.csproj", "{D6CFA007-6F72-4DDC-AE06-BA8948493602}"
EndProject
Project("{FAE04EC0-301F-11D3-BF4B-00C04F79EFBC}") = "ATMApp.Presentation", "ATMApp.Presentation\ATMApp.Presentation.csproj", "{C6AB1A2A-51AD-4C67-8BFE-E2F322E7E729}"
EndProject
Global
	GlobalSection(SolutionConfigurationPlatforms) = preSolution
		Debug|Any CPU = Debug|Any CPU
		Debug|x64 = Debug|x64
		Debug|x86 = Debug|x86
		Release|Any CPU = Release|Any CPU
		Release|x64 = Release|x64
		Release|x86 = Release|x86
	EndGlobalSection
	GlobalSection(ProjectConfigurationPlatforms) = postSolution
		{DED209B9-F604-4431-AA50-663FABEC06ED}.Debug|Any CPU.ActiveCfg = Debug|Any CPU
		{DED209B9-F604-4431-AA50-663FABEC06ED}.Debug|Any CPU.Build.0 = Debug|Any CPU
		{DED209B9-F604-4431-AA50-663FABEC06ED}.Debug|x64.ActiveCfg = Debug|Any CPU
		{DED209B9-F604-4431-AA50-663FABEC06ED}.Debug|x64.Build.0 = Debug|Any CPU
		{DED209B9-F604-4431-AA50-663FABEC06ED}.Debug|x86.ActiveCfg = Debug|Any CPU
		{DED209B9-F604-4431-AA50-663FABEC06ED}.Debug|x86.Build.0 = Debug|Any CPU
		{DED209B9-F604-4431-AA50-663FABEC06ED}.Release|Any CPU.ActiveCfg = Release|Any CPU
		{DED209B9-F604-4431-AA50-663FABEC06ED}.Release|Any CPU.Build.0 = Release|Any CPU
		{DED209B9-F604-4431-AA50-663FABEC06ED}.Release|x64.ActiveCfg = Release|Any CPU
		{DED209B9-F604-4431-AA50-663FABEC06ED}.Release|x64.Build.0 = Release|Any CPU
		{DED209B9-F604-4431-AA50-663FABEC06ED}.Release|x86.ActiveCfg = Release|Any CPU
		{DED209B9-F604-4431-AA50-663FABEC06ED}.Release|x86.Build.0 = Release|Any CPU
		{D6CFA007-6F72-4DDC-AE06-BA8948493602}.Debug|Any CPU.ActiveCfg = Debug|Any CPU
		{D6CFA007-6F72-4DDC-AE06-BA8948493602}.Debug|Any CPU.Build.0 = Debug|Any CPU
		{D6CFA007-6F72-4DDC-AE06-BA8948493602}.Debug|x64.ActiveCfg = Debug|Any CPU
		{D6CFA007-6F72-4DDC-AE06-BA8948493602}.Debug|x64.Build.0 = Debug|Any CPU
		{D6CFA007-6F72-4DDC-AE06-BA8948493602}.Debug|x86.ActiveCfg = Debug|Any CPU
		{D6CFA007-6F72-4DDC-AE06-BA8948493602}.Debug|x86.Build.0 = Debug|Any CPU
		{D6CFA007-6F72-4DDC-AE06-BA8948493602}.Release|Any CPU.ActiveCfg = Release|Any CPU
		{D6CFA007-6F72-4DDC-AE06-BA8948493602}.Release|Any CPU.Build.0 = Release|Any CPU
		{D6CFA007-6F72-4DDC-AE06-BA8948493602}.Release|x64.ActiveCfg = Release|Any CPU
		{D6CFA007-6F72-4DDC-AE06-BA8948493602}.Release|x64.Build.0 = Release|Any CPU
		{D6CFA007-6F72-4DDC-AE06-BA8948493602}.Release|x86.ActiveCfg = Release|Any CPU
		{D6CFA007-6F72-4DDC-AE06-BA8948493602}.Release|x86.Build.0 = Release|Any CPU
		{C6AB1A2A-51AD-4C67-8BFE-E2F322E7E729}.Debug|Any CPU.ActiveCfg = Debug|Any CPU
		{C6AB1A2A-51AD-4C67-8BFE-E2F322E7E729}.Debug|Any CPU.Build.0 = Debug|Any CPU
		{C6AB1A2A-51AD-4C67-8BFE-E2F322E7E729}.Debug|x64.ActiveCfg = Debug|Any CPU
		{C6AB1A2A-51AD-4C67-8BFE-E2F322E7E729}.Debug|x64.Build.0 = Debug|Any CPU
		{C6AB1A2A-51AD-4C67-8BFE-E2F322E7E729}.Debug|x86.ActiveCfg = Debug|Any CPU
		{C6AB1A2A-51AD-4C67-8BFE-E2F322E7E729}.Debug|x86.Build.0 = Debug|Any CPU
		{C6AB1A2A-51AD-4C67-8BFE-E2F322E7E729}.Release|Any CPU.ActiveCfg = Release|Any CPU
		{C6AB1A2A-51AD-4C67-8BFE-E2F322E7E729}.Release|Any CPU.Build.0 = Release|Any CPU
		{C6AB1A2A-51AD-4C67-8BFE-E2F322E7E729}.Release|x64.ActiveCfg = Release|Any CPU
		{C6AB1A2A-51AD-4C67-8BFE-E2F322E7E729}.Release|x64.Build.0 = Release|Any CPU
		{C6AB1A2A-51AD-4C67-8BFE-E2F322E7E729}.Release|x86.ActiveCfg = Release|Any CPU
		{C6AB1A2A-51AD-4C67-8BFE-E2F322E7E729}.Release|x86.Build.0 = Release|Any CPU
	EndGlobalSection
	GlobalSection(SolutionProperties) = preSolution
		HideSolutionNode = FALSE
	EndGlobalSection
EndGlobal
